
Microsoft Visual Studio Solution File, Format Version 12.00
# Visual Studio Version 17
VisualStudioVersion = 17.2.32616.157
MinimumVisualStudioVersion = 10.0.40219.1
Project("{9A19103F-16F7-4668-BE54-9A1E7A4F7556}") = "TreeDataGrid", "TreeDataGrid.csproj", "{ED4CCA71-B886-4157-A47B-AD475DC252A1}"
EndProject
Global
	GlobalSection(SolutionConfigurationPlatforms) = preSolution
		Debug|Any CPU = Debug|Any CPU
		Release|Any CPU = Release|Any CPU
	EndGlobalSection
	GlobalSection(ProjectConfigurationPlatforms) = postSolution
		{ED4CCA71-B886-4157-A47B-AD475DC252A1}.Debug|Any CPU.ActiveCfg = Debug|Any CPU
		{ED4CCA71-B886-4157-A47B-AD475DC252A1}.Debug|Any CPU.Build.0 = Debug|Any CPU
		{ED4CCA71-B886-4157-A47B-AD475DC252A1}.Release|Any CPU.ActiveCfg = Release|Any CPU
		{ED4CCA71-B886-4157-A47B-AD475DC252A1}.Release|Any CPU.Build.0 = Release|Any CPU
	EndGlobalSection
	GlobalSection(SolutionProperties) = preSolution
		HideSolutionNode = FALSE
	EndGlobalSection
	GlobalSection(ExtensibilityGlobals) = postSolution
		SolutionGuid = {AA92ED53-5AC9-4F81-B2F1-FFBCF858F4B8}
	EndGlobalSection
EndGlobal
